
Microsoft Visual Studio Solution File, Format Version 12.00
# Visual Studio Version 16
VisualStudioVersion = 16.0.30320.27
MinimumVisualStudioVersion = 10.0.40219.1
Project("{FAE04EC0-301F-11D3-BF4B-00C04F79EFBC}") = "Domain", "Domain\Domain.csproj", "{CB191EF3-C29B-4081-A630-1F5831F35785}"
EndProject
Project("{FAE04EC0-301F-11D3-BF4B-00C04F79EFBC}") = "Infrastructure", "Infrastructure\Infrastructure.csproj", "{3D6FFE24-A9FB-4DBD-969A-7F60C9C58B63}"
EndProject
Project("{2150E333-8FDC-42A3-9474-1A3956D46DE8}") = "Tests", "Tests", "{29FB9D34-9424-4AE0-9206-30E1082B0827}"
EndProject
Project("{FAE04EC0-301F-11D3-BF4B-00C04F79EFBC}") = "InfrastructureTests", "InfrastructureTests\InfrastructureTests.csproj", "{E0495591-B3BD-424C-B21A-0D386F4293A5}"
EndProject
Project("{FAE04EC0-301F-11D3-BF4B-00C04F79EFBC}") = "ServiceAbstractions", "ServiceAbstractions\ServiceAbstractions.csproj", "{2FD5DAB2-289D-4144-A648-C7A59E8C55F7}"
EndProject
Project("{FAE04EC0-301F-11D3-BF4B-00C04F79EFBC}") = "Services", "Services\Services.csproj", "{01E88876-C011-4D43-8926-013873BAF647}"
EndProject
Project("{FAE04EC0-301F-11D3-BF4B-00C04F79EFBC}") = "TestingApplication", "TestingApplication\TestingApplication.csproj", "{84078C8D-CF14-4746-8FF5-5CE3963C7723}"
EndProject
Project("{FAE04EC0-301F-11D3-BF4B-00C04F79EFBC}") = "JsonService", "JsonService\JsonService.csproj", "{D56BB82F-16A2-41C8-ABD8-9047B3A58828}"
EndProject
Project("{FAE04EC0-301F-11D3-BF4B-00C04F79EFBC}") = "JsonServiceTests", "JsonServiceTests\JsonServiceTests.csproj", "{3784F6F3-7522-44BC-B96D-E9B2F44E4669}"
EndProject
Project("{FAE04EC0-301F-11D3-BF4B-00C04F79EFBC}") = "Repository", "Repository\Repository.csproj", "{D7276FF6-125E-4DEF-9EF9-30185DF73ECD}"
EndProject
Project("{FAE04EC0-301F-11D3-BF4B-00C04F79EFBC}") = "TestBench", "TestBench\TestBench.csproj", "{5D20980E-FA8C-45DE-82A6-8743F4971600}"
EndProject
Global
	GlobalSection(SolutionConfigurationPlatforms) = preSolution
		Debug|Any CPU = Debug|Any CPU
		Release|Any CPU = Release|Any CPU
	EndGlobalSection
	GlobalSection(ProjectConfigurationPlatforms) = postSolution
		{CB191EF3-C29B-4081-A630-1F5831F35785}.Debug|Any CPU.ActiveCfg = Debug|Any CPU
		{CB191EF3-C29B-4081-A630-1F5831F35785}.Debug|Any CPU.Build.0 = Debug|Any CPU
		{CB191EF3-C29B-4081-A630-1F5831F35785}.Release|Any CPU.ActiveCfg = Release|Any CPU
		{CB191EF3-C29B-4081-A630-1F5831F35785}.Release|Any CPU.Build.0 = Release|Any CPU
		{3D6FFE24-A9FB-4DBD-969A-7F60C9C58B63}.Debug|Any CPU.ActiveCfg = Debug|Any CPU
		{3D6FFE24-A9FB-4DBD-969A-7F60C9C58B63}.Debug|Any CPU.Build.0 = Debug|Any CPU
		{3D6FFE24-A9FB-4DBD-969A-7F60C9C58B63}.Release|Any CPU.ActiveCfg = Release|Any CPU
		{3D6FFE24-A9FB-4DBD-969A-7F60C9C58B63}.Release|Any CPU.Build.0 = Release|Any CPU
		{E0495591-B3BD-424C-B21A-0D386F4293A5}.Debug|Any CPU.ActiveCfg = Debug|Any CPU
		{E0495591-B3BD-424C-B21A-0D386F4293A5}.Debug|Any CPU.Build.0 = Debug|Any CPU
		{E0495591-B3BD-424C-B21A-0D386F4293A5}.Release|Any CPU.ActiveCfg = Release|Any CPU
		{E0495591-B3BD-424C-B21A-0D386F4293A5}.Release|Any CPU.Build.0 = Release|Any CPU
		{2FD5DAB2-289D-4144-A648-C7A59E8C55F7}.Debug|Any CPU.ActiveCfg = Debug|Any CPU
		{2FD5DAB2-289D-4144-A648-C7A59E8C55F7}.Debug|Any CPU.Build.0 = Debug|Any CPU
		{2FD5DAB2-289D-4144-A648-C7A59E8C55F7}.Release|Any CPU.ActiveCfg = Release|Any CPU
		{2FD5DAB2-289D-4144-A648-C7A59E8C55F7}.Release|Any CPU.Build.0 = Release|Any CPU
		{01E88876-C011-4D43-8926-013873BAF647}.Debug|Any CPU.ActiveCfg = Debug|Any CPU
		{01E88876-C011-4D43-8926-013873BAF647}.Debug|Any CPU.Build.0 = Debug|Any CPU
		{01E88876-C011-4D43-8926-013873BAF647}.Release|Any CPU.ActiveCfg = Release|Any CPU
		{01E88876-C011-4D43-8926-013873BAF647}.Release|Any CPU.Build.0 = Release|Any CPU
		{84078C8D-CF14-4746-8FF5-5CE3963C7723}.Debug|Any CPU.ActiveCfg = Debug|Any CPU
		{84078C8D-CF14-4746-8FF5-5CE3963C7723}.Debug|Any CPU.Build.0 = Debug|Any CPU
		{84078C8D-CF14-4746-8FF5-5CE3963C7723}.Release|Any CPU.ActiveCfg = Release|Any CPU
		{84078C8D-CF14-4746-8FF5-5CE3963C7723}.Release|Any CPU.Build.0 = Release|Any CPU
		{D56BB82F-16A2-41C8-ABD8-9047B3A58828}.Debug|Any CPU.ActiveCfg = Debug|Any CPU
		{D56BB82F-16A2-41C8-ABD8-9047B3A58828}.Debug|Any CPU.Build.0 = Debug|Any CPU
		{D56BB82F-16A2-41C8-ABD8-9047B3A58828}.Release|Any CPU.ActiveCfg = Release|Any CPU
		{D56BB82F-16A2-41C8-ABD8-9047B3A58828}.Release|Any CPU.Build.0 = Release|Any CPU
		{3784F6F3-7522-44BC-B96D-E9B2F44E4669}.Debug|Any CPU.ActiveCfg = Debug|Any CPU
		{3784F6F3-7522-44BC-B96D-E9B2F44E4669}.Debug|Any CPU.Build.0 = Debug|Any CPU
		{3784F6F3-7522-44BC-B96D-E9B2F44E4669}.Release|Any CPU.ActiveCfg = Release|Any CPU
		{3784F6F3-7522-44BC-B96D-E9B2F44E4669}.Release|Any CPU.Build.0 = Release|Any CPU
		{D7276FF6-125E-4DEF-9EF9-30185DF73ECD}.Debug|Any CPU.ActiveCfg = Debug|Any CPU
		{D7276FF6-125E-4DEF-9EF9-30185DF73ECD}.Debug|Any CPU.Build.0 = Debug|Any CPU
		{D7276FF6-125E-4DEF-9EF9-30185DF73ECD}.Release|Any CPU.ActiveCfg = Release|Any CPU
		{D7276FF6-125E-4DEF-9EF9-30185DF73ECD}.Release|Any CPU.Build.0 = Release|Any CPU
		{5D20980E-FA8C-45DE-82A6-8743F4971600}.Debug|Any CPU.ActiveCfg = Debug|Any CPU
		{5D20980E-FA8C-45DE-82A6-8743F4971600}.Debug|Any CPU.Build.0 = Debug|Any CPU
		{5D20980E-FA8C-45DE-82A6-8743F4971600}.Release|Any CPU.ActiveCfg = Release|Any CPU
		{5D20980E-FA8C-45DE-82A6-8743F4971600}.Release|Any CPU.Build.0 = Release|Any CPU
	EndGlobalSection
	GlobalSection(SolutionProperties) = preSolution
		HideSolutionNode = FALSE
	EndGlobalSection
	GlobalSection(NestedProjects) = preSolution
		{E0495591-B3BD-424C-B21A-0D386F4293A5} = {29FB9D34-9424-4AE0-9206-30E1082B0827}
		{3784F6F3-7522-44BC-B96D-E9B2F44E4669} = {29FB9D34-9424-4AE0-9206-30E1082B0827}
		{5D20980E-FA8C-45DE-82A6-8743F4971600} = {29FB9D34-9424-4AE0-9206-30E1082B0827}
	EndGlobalSection
	GlobalSection(ExtensibilityGlobals) = postSolution
		SolutionGuid = {64F59FE7-3A01-474E-976C-D6D425EAF1C4}
	EndGlobalSection
EndGlobal
